{
  "nodes": {
    "nixpkgs": {
      "locked": {
        "lastModified": 1668133646,
        "narHash": "sha256-a3mV1MIkbxbW/t0nrxSCbEQbm2DL16toW3TwSwzRz6k=",
        "owner": "NixOS",
        "repo": "nixpkgs",
        "rev": "42ad3b9bdf2467802b57dff9aea33e16f12ce1c3",
        "type": "github"
      },
      "original": {
        "owner": "NixOS",
        "ref": "release-22.05",
        "repo": "nixpkgs",
        "type": "github"
      }
    },
    "root": {
      "inputs": {
        "nixpkgs": "nixpkgs",
        "utils": "utils"
      }
    },
    "utils": {
      "locked": {
        "lastModified": 1667395993,
        "narHash": "sha256-nuEHfE/LcWyuSWnS8t12N1wc105Qtau+/OdUAjtQ0rA=",
        "owner": "numtide",
        "repo": "flake-utils",
        "rev": "5aed5285a952e0b949eb3ba02c12fa4fcfef535f",
        "type": "github"
      },
      "original": {
        "owner": "numtide",
        "repo": "flake-utils",
        "type": "github"
      }
    }
  },
  "root": "root",
  "version": 7
}
