{
  "nodes": {
    "nixpkgs": {
      "locked": {
        "lastModified": 1651216013,
        "narHash": "sha256-yWWb/TELvc5VAHVv1xq5PEMYDtHImIZk3ZUY+8h4tCY=",
        "owner": "NixOS",
        "repo": "nixpkgs",
        "rev": "837913deb2a4f21cfa8f2cb2f72ba5fae39b7e40",
        "type": "github"
      },
      "original": {
        "owner": "NixOS",
        "ref": "release-21.11",
        "repo": "nixpkgs",
        "type": "github"
      }
    },
    "root": {
      "inputs": {
        "nixpkgs": "nixpkgs",
        "utils": "utils"
      }
    },
    "utils": {
      "locked": {
        "lastModified": 1649676176,
        "narHash": "sha256-OWKJratjt2RW151VUlJPRALb7OU2S5s+f0vLj4o1bHM=",
        "owner": "numtide",
        "repo": "flake-utils",
        "rev": "a4b154ebbdc88c8498a5c7b01589addc9e9cb678",
        "type": "github"
      },
      "original": {
        "owner": "numtide",
        "repo": "flake-utils",
        "type": "github"
      }
    }
  },
  "root": "root",
  "version": 7
}
