{
  "nodes": {
    "nixpkgs": {
      "locked": {
        "lastModified": 1647548678,
        "narHash": "sha256-hEqmsQ9nR8/tN2VDGND/YL1aWPraTZUH0DcQW9NUE6c=",
        "owner": "NixOS",
        "repo": "nixpkgs",
        "rev": "e864fb6110f541415828aba58ebc0d524a1af776",
        "type": "github"
      },
      "original": {
        "owner": "NixOS",
        "ref": "release-21.11",
        "repo": "nixpkgs",
        "type": "github"
      }
    },
    "root": {
      "inputs": {
        "nixpkgs": "nixpkgs",
        "utils": "utils"
      }
    },
    "utils": {
      "locked": {
        "lastModified": 1644229661,
        "narHash": "sha256-1YdnJAsNy69bpcjuoKdOYQX0YxZBiCYZo4Twxerqv7k=",
        "owner": "numtide",
        "repo": "flake-utils",
        "rev": "3cecb5b042f7f209c56ffd8371b2711a290ec797",
        "type": "github"
      },
      "original": {
        "owner": "numtide",
        "repo": "flake-utils",
        "type": "github"
      }
    }
  },
  "root": "root",
  "version": 7
}
